
Microsoft Visual Studio Solution File, Format Version 12.00
# Visual Studio Version 17
VisualStudioVersion = 17.11.35327.3
MinimumVisualStudioVersion = 10.0.40219.1
Project("{2150E333-8FDC-42A3-9474-1A3956D46DE8}") = "Tests", "Tests", "{0ED8C642-ECA3-4B60-AB06-A35BDAEC8665}"
EndProject
Project("{2150E333-8FDC-42A3-9474-1A3956D46DE8}") = "Libs", "Libs", "{6A597EC0-8AAB-4237-95A5-3EF1A884746D}"
EndProject
Project("{9A19103F-16F7-4668-BE54-9A1E7A4F7556}") = "OrdinaryCalc.Lib", "OrdinaryCalc.Lib\OrdinaryCalc.Lib.csproj", "{8B642A25-8B19-4B1B-AEEF-ADE7DF235B87}"
EndProject
Project("{9A19103F-16F7-4668-BE54-9A1E7A4F7556}") = "ArithmeticCalc.Lib", "ArithmeticCalc.Lib\ArithmeticCalc.Lib.csproj", "{F8F98D65-C29F-40B9-8655-D2C3BE881CF0}"
EndProject
Project("{9A19103F-16F7-4668-BE54-9A1E7A4F7556}") = "ConversionCalc.Lib", "ConversionCalc.Lib\ConversionCalc.Lib.csproj", "{0172CA02-0717-4B4D-BD33-230896BE56BD}"
EndProject
Project("{9A19103F-16F7-4668-BE54-9A1E7A4F7556}") = "FitnessCalc.Lib", "FitnessCalc.Lib\FitnessCalc.Lib.csproj", "{C3185B6C-65B4-46BB-88F8-17EF3AFC1D7C}"
EndProject
Project("{9A19103F-16F7-4668-BE54-9A1E7A4F7556}") = "OrdinaryCalc.Test", "OrdinaryCalc.Test\OrdinaryCalc.Test.csproj", "{8456DF36-DFA9-4D92-8F23-BF81D6EDD650}"
EndProject
Project("{9A19103F-16F7-4668-BE54-9A1E7A4F7556}") = "ArithmeticCalc.Test", "ArithmeticCalc.Test\ArithmeticCalc.Test.csproj", "{E685ACA9-D06A-4372-B12A-3816A1169444}"
EndProject
Project("{9A19103F-16F7-4668-BE54-9A1E7A4F7556}") = "ConversionCalc.Test", "ConversionCalc.Test\ConversionCalc.Test.csproj", "{A24BBAF1-1698-4F46-B670-FA4579167BC9}"
EndProject
Project("{9A19103F-16F7-4668-BE54-9A1E7A4F7556}") = "FitnessCalc.Test", "FitnessCalc.Test\FitnessCalc.Test.csproj", "{C66636FF-C5C6-4E0D-AAB5-D5626C31DAB5}"
EndProject
Project("{2150E333-8FDC-42A3-9474-1A3956D46DE8}") = "Lab4", "Lab4", "{5F586001-D0D7-44DF-ABAD-9B414613CFDC}"
EndProject
Project("{FAE04EC0-301F-11D3-BF4B-00C04F79EFBC}") = "CalculatorMainFormNAD", "CalculatorMainFormNAD\CalculatorMainFormNAD.csproj", "{A7D5DE1A-4EF8-469F-9DC4-E0B13E98AF7A}"
EndProject
Global
	GlobalSection(SolutionConfigurationPlatforms) = preSolution
		Debug|Any CPU = Debug|Any CPU
		Release|Any CPU = Release|Any CPU
	EndGlobalSection
	GlobalSection(ProjectConfigurationPlatforms) = postSolution
		{8B642A25-8B19-4B1B-AEEF-ADE7DF235B87}.Debug|Any CPU.ActiveCfg = Debug|Any CPU
		{8B642A25-8B19-4B1B-AEEF-ADE7DF235B87}.Debug|Any CPU.Build.0 = Debug|Any CPU
		{8B642A25-8B19-4B1B-AEEF-ADE7DF235B87}.Release|Any CPU.ActiveCfg = Release|Any CPU
		{8B642A25-8B19-4B1B-AEEF-ADE7DF235B87}.Release|Any CPU.Build.0 = Release|Any CPU
		{F8F98D65-C29F-40B9-8655-D2C3BE881CF0}.Debug|Any CPU.ActiveCfg = Debug|Any CPU
		{F8F98D65-C29F-40B9-8655-D2C3BE881CF0}.Debug|Any CPU.Build.0 = Debug|Any CPU
		{F8F98D65-C29F-40B9-8655-D2C3BE881CF0}.Release|Any CPU.ActiveCfg = Release|Any CPU
		{F8F98D65-C29F-40B9-8655-D2C3BE881CF0}.Release|Any CPU.Build.0 = Release|Any CPU
		{0172CA02-0717-4B4D-BD33-230896BE56BD}.Debug|Any CPU.ActiveCfg = Debug|Any CPU
		{0172CA02-0717-4B4D-BD33-230896BE56BD}.Debug|Any CPU.Build.0 = Debug|Any CPU
		{0172CA02-0717-4B4D-BD33-230896BE56BD}.Release|Any CPU.ActiveCfg = Release|Any CPU
		{0172CA02-0717-4B4D-BD33-230896BE56BD}.Release|Any CPU.Build.0 = Release|Any CPU
		{C3185B6C-65B4-46BB-88F8-17EF3AFC1D7C}.Debug|Any CPU.ActiveCfg = Debug|Any CPU
		{C3185B6C-65B4-46BB-88F8-17EF3AFC1D7C}.Debug|Any CPU.Build.0 = Debug|Any CPU
		{C3185B6C-65B4-46BB-88F8-17EF3AFC1D7C}.Release|Any CPU.ActiveCfg = Release|Any CPU
		{C3185B6C-65B4-46BB-88F8-17EF3AFC1D7C}.Release|Any CPU.Build.0 = Release|Any CPU
		{8456DF36-DFA9-4D92-8F23-BF81D6EDD650}.Debug|Any CPU.ActiveCfg = Debug|Any CPU
		{8456DF36-DFA9-4D92-8F23-BF81D6EDD650}.Debug|Any CPU.Build.0 = Debug|Any CPU
		{8456DF36-DFA9-4D92-8F23-BF81D6EDD650}.Release|Any CPU.ActiveCfg = Release|Any CPU
		{8456DF36-DFA9-4D92-8F23-BF81D6EDD650}.Release|Any CPU.Build.0 = Release|Any CPU
		{E685ACA9-D06A-4372-B12A-3816A1169444}.Debug|Any CPU.ActiveCfg = Debug|Any CPU
		{E685ACA9-D06A-4372-B12A-3816A1169444}.Debug|Any CPU.Build.0 = Debug|Any CPU
		{E685ACA9-D06A-4372-B12A-3816A1169444}.Release|Any CPU.ActiveCfg = Release|Any CPU
		{E685ACA9-D06A-4372-B12A-3816A1169444}.Release|Any CPU.Build.0 = Release|Any CPU
		{A24BBAF1-1698-4F46-B670-FA4579167BC9}.Debug|Any CPU.ActiveCfg = Debug|Any CPU
		{A24BBAF1-1698-4F46-B670-FA4579167BC9}.Debug|Any CPU.Build.0 = Debug|Any CPU
		{A24BBAF1-1698-4F46-B670-FA4579167BC9}.Release|Any CPU.ActiveCfg = Release|Any CPU
		{A24BBAF1-1698-4F46-B670-FA4579167BC9}.Release|Any CPU.Build.0 = Release|Any CPU
		{C66636FF-C5C6-4E0D-AAB5-D5626C31DAB5}.Debug|Any CPU.ActiveCfg = Debug|Any CPU
		{C66636FF-C5C6-4E0D-AAB5-D5626C31DAB5}.Debug|Any CPU.Build.0 = Debug|Any CPU
		{C66636FF-C5C6-4E0D-AAB5-D5626C31DAB5}.Release|Any CPU.ActiveCfg = Release|Any CPU
		{C66636FF-C5C6-4E0D-AAB5-D5626C31DAB5}.Release|Any CPU.Build.0 = Release|Any CPU
		{A7D5DE1A-4EF8-469F-9DC4-E0B13E98AF7A}.Debug|Any CPU.ActiveCfg = Debug|Any CPU
		{A7D5DE1A-4EF8-469F-9DC4-E0B13E98AF7A}.Debug|Any CPU.Build.0 = Debug|Any CPU
		{A7D5DE1A-4EF8-469F-9DC4-E0B13E98AF7A}.Release|Any CPU.ActiveCfg = Release|Any CPU
		{A7D5DE1A-4EF8-469F-9DC4-E0B13E98AF7A}.Release|Any CPU.Build.0 = Release|Any CPU
	EndGlobalSection
	GlobalSection(SolutionProperties) = preSolution
		HideSolutionNode = FALSE
	EndGlobalSection
	GlobalSection(NestedProjects) = preSolution
		{0ED8C642-ECA3-4B60-AB06-A35BDAEC8665} = {5F586001-D0D7-44DF-ABAD-9B414613CFDC}
		{6A597EC0-8AAB-4237-95A5-3EF1A884746D} = {5F586001-D0D7-44DF-ABAD-9B414613CFDC}
		{8B642A25-8B19-4B1B-AEEF-ADE7DF235B87} = {6A597EC0-8AAB-4237-95A5-3EF1A884746D}
		{F8F98D65-C29F-40B9-8655-D2C3BE881CF0} = {6A597EC0-8AAB-4237-95A5-3EF1A884746D}
		{0172CA02-0717-4B4D-BD33-230896BE56BD} = {6A597EC0-8AAB-4237-95A5-3EF1A884746D}
		{C3185B6C-65B4-46BB-88F8-17EF3AFC1D7C} = {6A597EC0-8AAB-4237-95A5-3EF1A884746D}
		{8456DF36-DFA9-4D92-8F23-BF81D6EDD650} = {0ED8C642-ECA3-4B60-AB06-A35BDAEC8665}
		{E685ACA9-D06A-4372-B12A-3816A1169444} = {0ED8C642-ECA3-4B60-AB06-A35BDAEC8665}
		{A24BBAF1-1698-4F46-B670-FA4579167BC9} = {0ED8C642-ECA3-4B60-AB06-A35BDAEC8665}
		{C66636FF-C5C6-4E0D-AAB5-D5626C31DAB5} = {0ED8C642-ECA3-4B60-AB06-A35BDAEC8665}
	EndGlobalSection
	GlobalSection(ExtensibilityGlobals) = postSolution
		SolutionGuid = {938F3C2B-091B-41D8-A527-0AA9059C3057}
	EndGlobalSection
EndGlobal
